// !$*UTF8*$!
{
	archiveVersion = 1;
	classes = {
	};
	objectVersion = 77;
	objects = {

/* Begin PBXBuildFile section */
		1B874F6E2B4362307C538A69 /* Secrets.xcconfig.example in Resources */ = {isa = PBXBuildFile; fileRef = C4CFA3E496BE683E6E41317B /* Secrets.xcconfig.example */; };
		24D95A47A8DEBBC3FAED3A35 /* ElekApp.swift in Sources */ = {isa = PBXBuildFile; fileRef = 2DADE9EAABFBF49D99720CD0 /* ElekApp.swift */; };
		26EA1481AA1DE28F677C9A8B /* Visuals.swift in Sources */ = {isa = PBXBuildFile; fileRef = D2AF9E9B9893BF6B7C76A316 /* Visuals.swift */; };
		83961A5C7BFF9D2F3075FA86 /* PrivacyInfo.xcprivacy in Resources */ = {isa = PBXBuildFile; fileRef = D39DCB3D9B5F44AF5D58B8E8 /* PrivacyInfo.xcprivacy */; };
		968A4FC49A3A316B02E481CF /* ContentView.swift in Sources */ = {isa = PBXBuildFile; fileRef = 07620B13754ECCE76E25749B /* ContentView.swift */; };
		BD9C837C0182BB77391A7592 /* Assets.xcassets in Resources */ = {isa = PBXBuildFile; fileRef = C3FA36AB4757BB907864145A /* Assets.xcassets */; };
		C96FD061F5AD83AB13DA321C /* Theme.swift in Sources */ = {isa = PBXBuildFile; fileRef = A18DF80128486EEB433405A8 /* Theme.swift */; };
		CE07AE5F58699AF620816F30 /* LaunchScreen.storyboard in Resources */ = {isa = PBXBuildFile; fileRef = CDF07FBE9BFA47D5880A2059 /* LaunchScreen.storyboard */; };
		D050736AE0BFA3413773FD6C /* DNSManager.swift in Sources */ = {isa = PBXBuildFile; fileRef = 610212A37BC60A6D89981D4A /* DNSManager.swift */; };
		DF6616BFAA55904F00EB05DD /* Localizable.xcstrings in Resources */ = {isa = PBXBuildFile; fileRef = F304C285B2A8C58DC4D900FC /* Localizable.xcstrings */; };
		E7ED9D19F6911925510DAEA9 /* Constants.swift in Sources */ = {isa = PBXBuildFile; fileRef = 63B079A1E514FEF4F4091A7B /* Constants.swift */; };
/* End PBXBuildFile section */

/* Begin PBXFileReference section */
		07620B13754ECCE76E25749B /* ContentView.swift */ = {isa = PBXFileReference; lastKnownFileType = sourcecode.swift; path = ContentView.swift; sourceTree = "<group>"; };
		2DADE9EAABFBF49D99720CD0 /* ElekApp.swift */ = {isa = PBXFileReference; lastKnownFileType = sourcecode.swift; path = ElekApp.swift; sourceTree = "<group>"; };
		60656FDC38807CB01E4F6D8E /* Elek.app */ = {isa = PBXFileReference; includeInIndex = 0; lastKnownFileType = wrapper.application; path = Elek.app; sourceTree = BUILT_PRODUCTS_DIR; };
		610212A37BC60A6D89981D4A /* DNSManager.swift */ = {isa = PBXFileReference; lastKnownFileType = sourcecode.swift; path = DNSManager.swift; sourceTree = "<group>"; };
		63B079A1E514FEF4F4091A7B /* Constants.swift */ = {isa = PBXFileReference; lastKnownFileType = sourcecode.swift; path = Constants.swift; sourceTree = "<group>"; };
		A01766F5682176E4D1E1777F /* Secrets.xcconfig */ = {isa = PBXFileReference; lastKnownFileType = text.xcconfig; path = Secrets.xcconfig; sourceTree = "<group>"; };
		A18DF80128486EEB433405A8 /* Theme.swift */ = {isa = PBXFileReference; lastKnownFileType = sourcecode.swift; path = Theme.swift; sourceTree = "<group>"; };
		B8A3577F2B98A3220A6DC94A /* Info.plist */ = {isa = PBXFileReference; lastKnownFileType = text.plist; path = Info.plist; sourceTree = "<group>"; };
		C3FA36AB4757BB907864145A /* Assets.xcassets */ = {isa = PBXFileReference; lastKnownFileType = folder.assetcatalog; path = Assets.xcassets; sourceTree = "<group>"; };
		C4CFA3E496BE683E6E41317B /* Secrets.xcconfig.example */ = {isa = PBXFileReference; path = Secrets.xcconfig.example; sourceTree = "<group>"; };
		CDF07FBE9BFA47D5880A2059 /* LaunchScreen.storyboard */ = {isa = PBXFileReference; lastKnownFileType = file.storyboard; path = LaunchScreen.storyboard; sourceTree = "<group>"; };
		D2AF9E9B9893BF6B7C76A316 /* Visuals.swift */ = {isa = PBXFileReference; lastKnownFileType = sourcecode.swift; path = Visuals.swift; sourceTree = "<group>"; };
		D3927674950E9CE7C0FF4496 /* Elek.entitlements */ = {isa = PBXFileReference; lastKnownFileType = text.plist.entitlements; path = Elek.entitlements; sourceTree = "<group>"; };
		D39DCB3D9B5F44AF5D58B8E8 /* PrivacyInfo.xcprivacy */ = {isa = PBXFileReference; path = PrivacyInfo.xcprivacy; sourceTree = "<group>"; };
		F304C285B2A8C58DC4D900FC /* Localizable.xcstrings */ = {isa = PBXFileReference; lastKnownFileType = text.json.xcstrings; path = Localizable.xcstrings; sourceTree = "<group>"; };
/* End PBXFileReference section */

/* Begin PBXGroup section */
		07944D5308DCC2F1F463163A /* Elek */ = {
			isa = PBXGroup;
			children = (
				C3FA36AB4757BB907864145A /* Assets.xcassets */,
				07620B13754ECCE76E25749B /* ContentView.swift */,
				610212A37BC60A6D89981D4A /* DNSManager.swift */,
				D3927674950E9CE7C0FF4496 /* Elek.entitlements */,
				2DADE9EAABFBF49D99720CD0 /* ElekApp.swift */,
				B8A3577F2B98A3220A6DC94A /* Info.plist */,
				CDF07FBE9BFA47D5880A2059 /* LaunchScreen.storyboard */,
				F304C285B2A8C58DC4D900FC /* Localizable.xcstrings */,
				D39DCB3D9B5F44AF5D58B8E8 /* PrivacyInfo.xcprivacy */,
				A01766F5682176E4D1E1777F /* Secrets.xcconfig */,
				C4CFA3E496BE683E6E41317B /* Secrets.xcconfig.example */,
				A18DF80128486EEB433405A8 /* Theme.swift */,
				D2AF9E9B9893BF6B7C76A316 /* Visuals.swift */,
			);
			path = Elek;
			sourceTree = "<group>";
		};
		1BF5871918BE2E2C3E5BC597 = {
			isa = PBXGroup;
			children = (
				07944D5308DCC2F1F463163A /* Elek */,
				8034DF66070E47A7C6D38DD2 /* Shared */,
				8E34E42E68DB667C44B37B7E /* Products */,
			);
			sourceTree = "<group>";
		};
		8034DF66070E47A7C6D38DD2 /* Shared */ = {
			isa = PBXGroup;
			children = (
				63B079A1E514FEF4F4091A7B /* Constants.swift */,
			);
			path = Shared;
			sourceTree = "<group>";
		};
		8E34E42E68DB667C44B37B7E /* Products */ = {
			isa = PBXGroup;
			children = (
				60656FDC38807CB01E4F6D8E /* Elek.app */,
			);
			name = Products;
			sourceTree = "<group>";
		};
/* End PBXGroup section */

/* Begin PBXNativeTarget section */
		B0E002AEA74B71ED3BAD1B8D /* Elek */ = {
			isa = PBXNativeTarget;
			buildConfigurationList = B5A54C7840346C8985BD0C0A /* Build configuration list for PBXNativeTarget "Elek" */;
			buildPhases = (
				853A7E3EE3F076EBBBD32083 /* Sources */,
				04EF2306C663C281CBD791A0 /* Resources */,
			);
			buildRules = (
			);
			dependencies = (
			);
			name = Elek;
			packageProductDependencies = (
			);
			productName = Elek;
			productReference = 60656FDC38807CB01E4F6D8E /* Elek.app */;
			productType = "com.apple.product-type.application";
		};
/* End PBXNativeTarget section */

/* Begin PBXProject section */
		20075C12CD441CDFC66D54FA /* Project object */ = {
			isa = PBXProject;
			attributes = {
				BuildIndependentTargetsInParallel = YES;
				LastUpgradeCheck = 1430;
				TargetAttributes = {
					B0E002AEA74B71ED3BAD1B8D = {
						DevelopmentTeam = 9DDG73TKPX;
						ProvisioningStyle = Automatic;
					};
				};
			};
			buildConfigurationList = 0D95E3D4E294C97282390070 /* Build configuration list for PBXProject "Elek" */;
			developmentRegion = en;
			hasScannedForEncodings = 0;
			knownRegions = (
				Base,
				en,
				tr,
			);
			mainGroup = 1BF5871918BE2E2C3E5BC597;
			minimizedProjectReferenceProxies = 1;
			preferredProjectObjectVersion = 77;
			productRefGroup = 8E34E42E68DB667C44B37B7E /* Products */;
			projectDirPath = "";
			projectRoot = "";
			targets = (
				B0E002AEA74B71ED3BAD1B8D /* Elek */,
			);
		};
/* End PBXProject section */

/* Begin PBXResourcesBuildPhase section */
		04EF2306C663C281CBD791A0 /* Resources */ = {
			isa = PBXResourcesBuildPhase;
			buildActionMask = 2147483647;
			files = (
				BD9C837C0182BB77391A7592 /* Assets.xcassets in Resources */,
				CE07AE5F58699AF620816F30 /* LaunchScreen.storyboard in Resources */,
				DF6616BFAA55904F00EB05DD /* Localizable.xcstrings in Resources */,
				83961A5C7BFF9D2F3075FA86 /* PrivacyInfo.xcprivacy in Resources */,
				1B874F6E2B4362307C538A69 /* Secrets.xcconfig.example in Resources */,
			);
			runOnlyForDeploymentPostprocessing = 0;
		};
/* End PBXResourcesBuildPhase section */

/* Begin PBXSourcesBuildPhase section */
		853A7E3EE3F076EBBBD32083 /* Sources */ = {
			isa = PBXSourcesBuildPhase;
			buildActionMask = 2147483647;
			files = (
				E7ED9D19F6911925510DAEA9 /* Constants.swift in Sources */,
				968A4FC49A3A316B02E481CF /* ContentView.swift in Sources */,
				D050736AE0BFA3413773FD6C /* DNSManager.swift in Sources */,
				24D95A47A8DEBBC3FAED3A35 /* ElekApp.swift in Sources */,
				C96FD061F5AD83AB13DA321C /* Theme.swift in Sources */,
				26EA1481AA1DE28F677C9A8B /* Visuals.swift in Sources */,
			);
			runOnlyForDeploymentPostprocessing = 0;
		};
/* End PBXSourcesBuildPhase section */

/* Begin XCBuildConfiguration section */
		23344661D79E4A76254E6F72 /* Release */ = {
			isa = XCBuildConfiguration;
			baseConfigurationReference = A01766F5682176E4D1E1777F /* Secrets.xcconfig */;
			buildSettings = {
				ASSETCATALOG_COMPILER_APPICON_NAME = AppIcon;
				CODE_SIGN_ENTITLEMENTS = Elek/Elek.entitlements;
				CODE_SIGN_IDENTITY = "iPhone Developer";
				INFOPLIST_FILE = Elek/Info.plist;
				LD_RUNPATH_SEARCH_PATHS = (
					"$(inherited)",
					"@executable_path/Frameworks",
				);
				PRODUCT_BUNDLE_IDENTIFIER = com.bykclk.elek;
				SDKROOT = iphoneos;
				TARGETED_DEVICE_FAMILY = "1,2";
			};
			name = Release;
		};
		23ABF6B6171B6AF884CB245E /* Debug */ = {
			isa = XCBuildConfiguration;
			baseConfigurationReference = A01766F5682176E4D1E1777F /* Secrets.xcconfig */;
			buildSettings = {
				ASSETCATALOG_COMPILER_APPICON_NAME = AppIcon;
				CODE_SIGN_ENTITLEMENTS = Elek/Elek.entitlements;
				CODE_SIGN_IDENTITY = "iPhone Developer";
				INFOPLIST_FILE = Elek/Info.plist;
				LD_RUNPATH_SEARCH_PATHS = (
					"$(inherited)",
					"@executable_path/Frameworks",
				);
				PRODUCT_BUNDLE_IDENTIFIER = com.bykclk.elek;
				SDKROOT = iphoneos;
				TARGETED_DEVICE_FAMILY = "1,2";
			};
			name = Debug;
		};
		23C6405F46182A60677951CB /* Release */ = {
			isa = XCBuildConfiguration;
			buildSettings = {
				ALWAYS_SEARCH_USER_PATHS = NO;
				CLANG_ANALYZER_NONNULL = YES;
				CLANG_ANALYZER_NUMBER_OBJECT_CONVERSION = YES_AGGRESSIVE;
				CLANG_CXX_LANGUAGE_STANDARD = "gnu++14";
				CLANG_CXX_LIBRARY = "libc++";
				CLANG_ENABLE_MODULES = YES;
				CLANG_ENABLE_OBJC_ARC = YES;
				CLANG_ENABLE_OBJC_WEAK = YES;
				CLANG_WARN_BLOCK_CAPTURE_AUTORELEASING = YES;
				CLANG_WARN_BOOL_CONVERSION = YES;
				CLANG_WARN_COMMA = YES;
				CLANG_WARN_CONSTANT_CONVERSION = YES;
				CLANG_WARN_DEPRECATED_OBJC_IMPLEMENTATIONS = YES;
				CLANG_WARN_DIRECT_OBJC_ISA_USAGE = YES_ERROR;
				CLANG_WARN_DOCUMENTATION_COMMENTS = YES;
				CLANG_WARN_EMPTY_BODY = YES;
				CLANG_WARN_ENUM_CONVERSION = YES;
				CLANG_WARN_INFINITE_RECURSION = YES;
				CLANG_WARN_INT_CONVERSION = YES;
				CLANG_WARN_NON_LITERAL_NULL_CONVERSION = YES;
				CLANG_WARN_OBJC_IMPLICIT_RETAIN_SELF = YES;
				CLANG_WARN_OBJC_LITERAL_CONVERSION = YES;
				CLANG_WARN_OBJC_ROOT_CLASS = YES_ERROR;
				CLANG_WARN_QUOTED_INCLUDE_IN_FRAMEWORK_HEADER = YES;
				CLANG_WARN_RANGE_LOOP_ANALYSIS = YES;
				CLANG_WARN_STRICT_PROTOTYPES = YES;
				CLANG_WARN_SUSPICIOUS_MOVE = YES;
				CLANG_WARN_UNGUARDED_AVAILABILITY = YES_AGGRESSIVE;
				CLANG_WARN_UNREACHABLE_CODE = YES;
				CLANG_WARN__DUPLICATE_METHOD_MATCH = YES;
				CODE_SIGN_STYLE = Automatic;
				COPY_PHASE_STRIP = NO;
				CURRENT_PROJECT_VERSION = 1;
				DEBUG_INFORMATION_FORMAT = "dwarf-with-dsym";
				DEVELOPMENT_TEAM = 9DDG73TKPX;
				ENABLE_NS_ASSERTIONS = NO;
				ENABLE_STRICT_OBJC_MSGSEND = YES;
				GCC_C_LANGUAGE_STANDARD = gnu11;
				GCC_NO_COMMON_BLOCKS = YES;
				GCC_WARN_64_TO_32_BIT_CONVERSION = YES;
				GCC_WARN_ABOUT_RETURN_TYPE = YES_ERROR;
				GCC_WARN_UNDECLARED_SELECTOR = YES;
				GCC_WARN_UNINITIALIZED_AUTOS = YES_AGGRESSIVE;
				GCC_WARN_UNUSED_FUNCTION = YES;
				GCC_WARN_UNUSED_VARIABLE = YES;
				IPHONEOS_DEPLOYMENT_TARGET = 16.0;
				MARKETING_VERSION = 1.0;
				MTL_ENABLE_DEBUG_INFO = NO;
				MTL_FAST_MATH = YES;
				PRODUCT_NAME = "$(TARGET_NAME)";
				SDKROOT = iphoneos;
				SWIFT_COMPILATION_MODE = wholemodule;
				SWIFT_OPTIMIZATION_LEVEL = "-O";
				SWIFT_VERSION = 5.0;
				TARGETED_DEVICE_FAMILY = "1,2";
			};
			name = Release;
		};
		328DF459ED8B2FE5D143D339 /* Debug */ = {
			isa = XCBuildConfiguration;
			buildSettings = {
				ALWAYS_SEARCH_USER_PATHS = NO;
				CLANG_ANALYZER_NONNULL = YES;
				CLANG_ANALYZER_NUMBER_OBJECT_CONVERSION = YES_AGGRESSIVE;
				CLANG_CXX_LANGUAGE_STANDARD = "gnu++14";
				CLANG_CXX_LIBRARY = "libc++";
				CLANG_ENABLE_MODULES = YES;
				CLANG_ENABLE_OBJC_ARC = YES;
				CLANG_ENABLE_OBJC_WEAK = YES;
				CLANG_WARN_BLOCK_CAPTURE_AUTORELEASING = YES;
				CLANG_WARN_BOOL_CONVERSION = YES;
				CLANG_WARN_COMMA = YES;
				CLANG_WARN_CONSTANT_CONVERSION = YES;
				CLANG_WARN_DEPRECATED_OBJC_IMPLEMENTATIONS = YES;
				CLANG_WARN_DIRECT_OBJC_ISA_USAGE = YES_ERROR;
				CLANG_WARN_DOCUMENTATION_COMMENTS = YES;
				CLANG_WARN_EMPTY_BODY = YES;
				CLANG_WARN_ENUM_CONVERSION = YES;
				CLANG_WARN_INFINITE_RECURSION = YES;
				CLANG_WARN_INT_CONVERSION = YES;
				CLANG_WARN_NON_LITERAL_NULL_CONVERSION = YES;
				CLANG_WARN_OBJC_IMPLICIT_RETAIN_SELF = YES;
				CLANG_WARN_OBJC_LITERAL_CONVERSION = YES;
				CLANG_WARN_OBJC_ROOT_CLASS = YES_ERROR;
				CLANG_WARN_QUOTED_INCLUDE_IN_FRAMEWORK_HEADER = YES;
				CLANG_WARN_RANGE_LOOP_ANALYSIS = YES;
				CLANG_WARN_STRICT_PROTOTYPES = YES;
				CLANG_WARN_SUSPICIOUS_MOVE = YES;
				CLANG_WARN_UNGUARDED_AVAILABILITY = YES_AGGRESSIVE;
				CLANG_WARN_UNREACHABLE_CODE = YES;
				CLANG_WARN__DUPLICATE_METHOD_MATCH = YES;
				CODE_SIGN_STYLE = Automatic;
				COPY_PHASE_STRIP = NO;
				CURRENT_PROJECT_VERSION = 1;
				DEBUG_INFORMATION_FORMAT = dwarf;
				DEVELOPMENT_TEAM = 9DDG73TKPX;
				ENABLE_STRICT_OBJC_MSGSEND = YES;
				ENABLE_TESTABILITY = YES;
				GCC_C_LANGUAGE_STANDARD = gnu11;
				GCC_DYNAMIC_NO_PIC = NO;
				GCC_NO_COMMON_BLOCKS = YES;
				GCC_OPTIMIZATION_LEVEL = 0;
				GCC_PREPROCESSOR_DEFINITIONS = (
					"$(inherited)",
					"DEBUG=1",
				);
				GCC_WARN_64_TO_32_BIT_CONVERSION = YES;
				GCC_WARN_ABOUT_RETURN_TYPE = YES_ERROR;
				GCC_WARN_UNDECLARED_SELECTOR = YES;
				GCC_WARN_UNINITIALIZED_AUTOS = YES_AGGRESSIVE;
				GCC_WARN_UNUSED_FUNCTION = YES;
				GCC_WARN_UNUSED_VARIABLE = YES;
				IPHONEOS_DEPLOYMENT_TARGET = 16.0;
				MARKETING_VERSION = 1.0;
				MTL_ENABLE_DEBUG_INFO = INCLUDE_SOURCE;
				MTL_FAST_MATH = YES;
				ONLY_ACTIVE_ARCH = YES;
				PRODUCT_NAME = "$(TARGET_NAME)";
				SDKROOT = iphoneos;
				SWIFT_ACTIVE_COMPILATION_CONDITIONS = DEBUG;
				SWIFT_OPTIMIZATION_LEVEL = "-Onone";
				SWIFT_VERSION = 5.0;
				TARGETED_DEVICE_FAMILY = "1,2";
			};
			name = Debug;
		};
/* End XCBuildConfiguration section */

/* Begin XCConfigurationList section */
		0D95E3D4E294C97282390070 /* Build configuration list for PBXProject "Elek" */ = {
			isa = XCConfigurationList;
			buildConfigurations = (
				328DF459ED8B2FE5D143D339 /* Debug */,
				23C6405F46182A60677951CB /* Release */,
			);
			defaultConfigurationIsVisible = 0;
			defaultConfigurationName = Debug;
		};
		B5A54C7840346C8985BD0C0A /* Build configuration list for PBXNativeTarget "Elek" */ = {
			isa = XCConfigurationList;
			buildConfigurations = (
				23ABF6B6171B6AF884CB245E /* Debug */,
				23344661D79E4A76254E6F72 /* Release */,
			);
			defaultConfigurationIsVisible = 0;
			defaultConfigurationName = Debug;
		};
/* End XCConfigurationList section */
	};
	rootObject = 20075C12CD441CDFC66D54FA /* Project object */;
}
